
Microsoft Visual Studio Solution File, Format Version 12.00
# Visual Studio 15
VisualStudioVersion = 15.0.27004.2009
MinimumVisualStudioVersion = 10.0.40219.1
Project("{FAE04EC0-301F-11D3-BF4B-00C04F79EFBC}") = "Health Helper App", "Health Helper App\Health Helper App.csproj", "{EDFF5F24-21B9-48EB-BF81-F2C5B7B3DCF3}"
EndProject
Project("{FAE04EC0-301F-11D3-BF4B-00C04F79EFBC}") = "Health Helper App.Tests", "Health Helper App.Tests\Health Helper App.Tests.csproj", "{3E859293-D749-4606-B5FE-B70B11F80251}"
EndProject
Global
	GlobalSection(SolutionConfigurationPlatforms) = preSolution
		Debug|Any CPU = Debug|Any CPU
		Release|Any CPU = Release|Any CPU
	EndGlobalSection
	GlobalSection(ProjectConfigurationPlatforms) = postSolution
		{EDFF5F24-21B9-48EB-BF81-F2C5B7B3DCF3}.Debug|Any CPU.ActiveCfg = Debug|Any CPU
		{EDFF5F24-21B9-48EB-BF81-F2C5B7B3DCF3}.Debug|Any CPU.Build.0 = Debug|Any CPU
		{EDFF5F24-21B9-48EB-BF81-F2C5B7B3DCF3}.Release|Any CPU.ActiveCfg = Release|Any CPU
		{EDFF5F24-21B9-48EB-BF81-F2C5B7B3DCF3}.Release|Any CPU.Build.0 = Release|Any CPU
		{3E859293-D749-4606-B5FE-B70B11F80251}.Debug|Any CPU.ActiveCfg = Debug|Any CPU
		{3E859293-D749-4606-B5FE-B70B11F80251}.Debug|Any CPU.Build.0 = Debug|Any CPU
		{3E859293-D749-4606-B5FE-B70B11F80251}.Release|Any CPU.ActiveCfg = Release|Any CPU
		{3E859293-D749-4606-B5FE-B70B11F80251}.Release|Any CPU.Build.0 = Release|Any CPU
	EndGlobalSection
	GlobalSection(SolutionProperties) = preSolution
		HideSolutionNode = FALSE
	EndGlobalSection
	GlobalSection(ExtensibilityGlobals) = postSolution
		SolutionGuid = {DF962B36-38C3-41B6-ABC8-28924CF00C58}
	EndGlobalSection
EndGlobal
